// !$*UTF8*$!
{
	archiveVersion = 1;
	classes = {
	};
	objectVersion = 50;
	objects = {

/* Begin PBXBuildFile section */
		FAB92CFC25EE850A005C8484 /* AppDelegate.swift in Sources */ = {isa = PBXBuildFile; fileRef = FAB92CFB25EE850A005C8484 /* AppDelegate.swift */; };
		FAB92CFE25EE850A005C8484 /* SceneDelegate.swift in Sources */ = {isa = PBXBuildFile; fileRef = FAB92CFD25EE850A005C8484 /* SceneDelegate.swift */; };
		FAB92D0525EE850C005C8484 /* Assets.xcassets in Resources */ = {isa = PBXBuildFile; fileRef = FAB92D0425EE850C005C8484 /* Assets.xcassets */; };
		FAB92D1525EE856B005C8484 /* MainViewController.swift in Sources */ = {isa = PBXBuildFile; fileRef = FAB92D1425EE856B005C8484 /* MainViewController.swift */; };
		FAB92D1D25EE8999005C8484 /* MenuModel.swift in Sources */ = {isa = PBXBuildFile; fileRef = FAB92D1C25EE8999005C8484 /* MenuModel.swift */; };
		FAB92D2025EE89C4005C8484 /* MenuTableViewCell.swift in Sources */ = {isa = PBXBuildFile; fileRef = FAB92D1F25EE89C4005C8484 /* MenuTableViewCell.swift */; };
		FAB92D2425EEAB94005C8484 /* CountriesViewController.swift in Sources */ = {isa = PBXBuildFile; fileRef = FAB92D2325EEAB94005C8484 /* CountriesViewController.swift */; };
		FAB92D2725EEABC2005C8484 /* CountryTableCell.swift in Sources */ = {isa = PBXBuildFile; fileRef = FAB92D2625EEABC2005C8484 /* CountryTableCell.swift */; };
		FAB92D2A25EEABDC005C8484 /* CountryModel.swift in Sources */ = {isa = PBXBuildFile; fileRef = FAB92D2925EEABDC005C8484 /* CountryModel.swift */; };
/* End PBXBuildFile section */

/* Begin PBXFileReference section */
		FAB92CF825EE850A005C8484 /* TestVPN.app */ = {isa = PBXFileReference; explicitFileType = wrapper.application; includeInIndex = 0; path = TestVPN.app; sourceTree = BUILT_PRODUCTS_DIR; };
		FAB92CFB25EE850A005C8484 /* AppDelegate.swift */ = {isa = PBXFileReference; lastKnownFileType = sourcecode.swift; path = AppDelegate.swift; sourceTree = "<group>"; };
		FAB92CFD25EE850A005C8484 /* SceneDelegate.swift */ = {isa = PBXFileReference; lastKnownFileType = sourcecode.swift; path = SceneDelegate.swift; sourceTree = "<group>"; };
		FAB92D0425EE850C005C8484 /* Assets.xcassets */ = {isa = PBXFileReference; lastKnownFileType = folder.assetcatalog; path = Assets.xcassets; sourceTree = "<group>"; };
		FAB92D0925EE850C005C8484 /* Info.plist */ = {isa = PBXFileReference; lastKnownFileType = text.plist.xml; path = Info.plist; sourceTree = "<group>"; };
		FAB92D1425EE856B005C8484 /* MainViewController.swift */ = {isa = PBXFileReference; lastKnownFileType = sourcecode.swift; path = MainViewController.swift; sourceTree = "<group>"; };
		FAB92D1C25EE8999005C8484 /* MenuModel.swift */ = {isa = PBXFileReference; lastKnownFileType = sourcecode.swift; path = MenuModel.swift; sourceTree = "<group>"; };
		FAB92D1F25EE89C4005C8484 /* MenuTableViewCell.swift */ = {isa = PBXFileReference; lastKnownFileType = sourcecode.swift; path = MenuTableViewCell.swift; sourceTree = "<group>"; };
		FAB92D2325EEAB94005C8484 /* CountriesViewController.swift */ = {isa = PBXFileReference; lastKnownFileType = sourcecode.swift; path = CountriesViewController.swift; sourceTree = "<group>"; };
		FAB92D2625EEABC2005C8484 /* CountryTableCell.swift */ = {isa = PBXFileReference; lastKnownFileType = sourcecode.swift; path = CountryTableCell.swift; sourceTree = "<group>"; };
		FAB92D2925EEABDC005C8484 /* CountryModel.swift */ = {isa = PBXFileReference; lastKnownFileType = sourcecode.swift; path = CountryModel.swift; sourceTree = "<group>"; };
/* End PBXFileReference section */

/* Begin PBXFrameworksBuildPhase section */
		FAB92CF525EE850A005C8484 /* Frameworks */ = {
			isa = PBXFrameworksBuildPhase;
			buildActionMask = 2147483647;
			files = (
			);
			runOnlyForDeploymentPostprocessing = 0;
		};
/* End PBXFrameworksBuildPhase section */

/* Begin PBXGroup section */
		FAB92CEF25EE850A005C8484 = {
			isa = PBXGroup;
			children = (
				FAB92CFA25EE850A005C8484 /* TestVPN */,
				FAB92CF925EE850A005C8484 /* Products */,
			);
			sourceTree = "<group>";
		};
		FAB92CF925EE850A005C8484 /* Products */ = {
			isa = PBXGroup;
			children = (
				FAB92CF825EE850A005C8484 /* TestVPN.app */,
			);
			name = Products;
			sourceTree = "<group>";
		};
		FAB92CFA25EE850A005C8484 /* TestVPN */ = {
			isa = PBXGroup;
			children = (
				FAB92CFB25EE850A005C8484 /* AppDelegate.swift */,
				FAB92CFD25EE850A005C8484 /* SceneDelegate.swift */,
				FAB92D0425EE850C005C8484 /* Assets.xcassets */,
				FAB92D0925EE850C005C8484 /* Info.plist */,
				FAB92D1425EE856B005C8484 /* MainViewController.swift */,
				FAB92D1C25EE8999005C8484 /* MenuModel.swift */,
				FAB92D1F25EE89C4005C8484 /* MenuTableViewCell.swift */,
				FAB92D2325EEAB94005C8484 /* CountriesViewController.swift */,
				FAB92D2625EEABC2005C8484 /* CountryTableCell.swift */,
				FAB92D2925EEABDC005C8484 /* CountryModel.swift */,
			);
			path = TestVPN;
			sourceTree = "<group>";
		};
/* End PBXGroup section */

/* Begin PBXNativeTarget section */
		FAB92CF725EE850A005C8484 /* TestVPN */ = {
			isa = PBXNativeTarget;
			buildConfigurationList = FAB92D0C25EE850C005C8484 /* Build configuration list for PBXNativeTarget "TestVPN" */;
			buildPhases = (
				FAB92CF425EE850A005C8484 /* Sources */,
				FAB92CF525EE850A005C8484 /* Frameworks */,
				FAB92CF625EE850A005C8484 /* Resources */,
			);
			buildRules = (
			);
			dependencies = (
			);
			name = TestVPN;
			productName = TestVPN;
			productReference = FAB92CF825EE850A005C8484 /* TestVPN.app */;
			productType = "com.apple.product-type.application";
		};
/* End PBXNativeTarget section */

/* Begin PBXProject section */
		FAB92CF025EE850A005C8484 /* Project object */ = {
			isa = PBXProject;
			attributes = {
				LastSwiftUpdateCheck = 1240;
				LastUpgradeCheck = 1240;
				TargetAttributes = {
					FAB92CF725EE850A005C8484 = {
						CreatedOnToolsVersion = 12.4;
					};
				};
			};
			buildConfigurationList = FAB92CF325EE850A005C8484 /* Build configuration list for PBXProject "TestVPN" */;
			compatibilityVersion = "Xcode 9.3";
			developmentRegion = en;
			hasScannedForEncodings = 0;
			knownRegions = (
				en,
				Base,
			);
			mainGroup = FAB92CEF25EE850A005C8484;
			productRefGroup = FAB92CF925EE850A005C8484 /* Products */;
			projectDirPath = "";
			projectRoot = "";
			targets = (
				FAB92CF725EE850A005C8484 /* TestVPN */,
			);
		};
/* End PBXProject section */

/* Begin PBXResourcesBuildPhase section */
		FAB92CF625EE850A005C8484 /* Resources */ = {
			isa = PBXResourcesBuildPhase;
			buildActionMask = 2147483647;
			files = (
				FAB92D0525EE850C005C8484 /* Assets.xcassets in Resources */,
			);
			runOnlyForDeploymentPostprocessing = 0;
		};
/* End PBXResourcesBuildPhase section */

/* Begin PBXSourcesBuildPhase section */
		FAB92CF425EE850A005C8484 /* Sources */ = {
			isa = PBXSourcesBuildPhase;
			buildActionMask = 2147483647;
			files = (
				FAB92D1525EE856B005C8484 /* MainViewController.swift in Sources */,
				FAB92CFC25EE850A005C8484 /* AppDelegate.swift in Sources */,
				FAB92D2A25EEABDC005C8484 /* CountryModel.swift in Sources */,
				FAB92D2025EE89C4005C8484 /* MenuTableViewCell.swift in Sources */,
				FAB92D1D25EE8999005C8484 /* MenuModel.swift in Sources */,
				FAB92CFE25EE850A005C8484 /* SceneDelegate.swift in Sources */,
				FAB92D2425EEAB94005C8484 /* CountriesViewController.swift in Sources */,
				FAB92D2725EEABC2005C8484 /* CountryTableCell.swift in Sources */,
			);
			runOnlyForDeploymentPostprocessing = 0;
		};
/* End PBXSourcesBuildPhase section */

/* Begin XCBuildConfiguration section */
		FAB92D0A25EE850C005C8484 /* Debug */ = {
			isa = XCBuildConfiguration;
			buildSettings = {
				ALWAYS_SEARCH_USER_PATHS = NO;
				CLANG_ANALYZER_NONNULL = YES;
				CLANG_ANALYZER_NUMBER_OBJECT_CONVERSION = YES_AGGRESSIVE;
				CLANG_CXX_LANGUAGE_STANDARD = "gnu++14";
				CLANG_CXX_LIBRARY = "libc++";
				CLANG_ENABLE_MODULES = YES;
				CLANG_ENABLE_OBJC_ARC = YES;
				CLANG_ENABLE_OBJC_WEAK = YES;
				CLANG_WARN_BLOCK_CAPTURE_AUTORELEASING = YES;
				CLANG_WARN_BOOL_CONVERSION = YES;
				CLANG_WARN_COMMA = YES;
				CLANG_WARN_CONSTANT_CONVERSION = YES;
				CLANG_WARN_DEPRECATED_OBJC_IMPLEMENTATIONS = YES;
				CLANG_WARN_DIRECT_OBJC_ISA_USAGE = YES_ERROR;
				CLANG_WARN_DOCUMENTATION_COMMENTS = YES;
				CLANG_WARN_EMPTY_BODY = YES;
				CLANG_WARN_ENUM_CONVERSION = YES;
				CLANG_WARN_INFINITE_RECURSION = YES;
				CLANG_WARN_INT_CONVERSION = YES;
				CLANG_WARN_NON_LITERAL_NULL_CONVERSION = YES;
				CLANG_WARN_OBJC_IMPLICIT_RETAIN_SELF = YES;
				CLANG_WARN_OBJC_LITERAL_CONVERSION = YES;
				CLANG_WARN_OBJC_ROOT_CLASS = YES_ERROR;
				CLANG_WARN_QUOTED_INCLUDE_IN_FRAMEWORK_HEADER = YES;
				CLANG_WARN_RANGE_LOOP_ANALYSIS = YES;
				CLANG_WARN_STRICT_PROTOTYPES = YES;
				CLANG_WARN_SUSPICIOUS_MOVE = YES;
				CLANG_WARN_UNGUARDED_AVAILABILITY = YES_AGGRESSIVE;
				CLANG_WARN_UNREACHABLE_CODE = YES;
				CLANG_WARN__DUPLICATE_METHOD_MATCH = YES;
				COPY_PHASE_STRIP = NO;
				DEBUG_INFORMATION_FORMAT = dwarf;
				ENABLE_STRICT_OBJC_MSGSEND = YES;
				ENABLE_TESTABILITY = YES;
				GCC_C_LANGUAGE_STANDARD = gnu11;
				GCC_DYNAMIC_NO_PIC = NO;
				GCC_NO_COMMON_BLOCKS = YES;
				GCC_OPTIMIZATION_LEVEL = 0;
				GCC_PREPROCESSOR_DEFINITIONS = (
					"DEBUG=1",
					"$(inherited)",
				);
				GCC_WARN_64_TO_32_BIT_CONVERSION = YES;
				GCC_WARN_ABOUT_RETURN_TYPE = YES_ERROR;
				GCC_WARN_UNDECLARED_SELECTOR = YES;
				GCC_WARN_UNINITIALIZED_AUTOS = YES_AGGRESSIVE;
				GCC_WARN_UNUSED_FUNCTION = YES;
				GCC_WARN_UNUSED_VARIABLE = YES;
				IPHONEOS_DEPLOYMENT_TARGET = 14.4;
				MTL_ENABLE_DEBUG_INFO = INCLUDE_SOURCE;
				MTL_FAST_MATH = YES;
				ONLY_ACTIVE_ARCH = YES;
				SDKROOT = iphoneos;
				SWIFT_ACTIVE_COMPILATION_CONDITIONS = DEBUG;
				SWIFT_OPTIMIZATION_LEVEL = "-Onone";
			};
			name = Debug;
		};
		FAB92D0B25EE850C005C8484 /* Release */ = {
			isa = XCBuildConfiguration;
			buildSettings = {
				ALWAYS_SEARCH_USER_PATHS = NO;
				CLANG_ANALYZER_NONNULL = YES;
				CLANG_ANALYZER_NUMBER_OBJECT_CONVERSION = YES_AGGRESSIVE;
				CLANG_CXX_LANGUAGE_STANDARD = "gnu++14";
				CLANG_CXX_LIBRARY = "libc++";
				CLANG_ENABLE_MODULES = YES;
				CLANG_ENABLE_OBJC_ARC = YES;
				CLANG_ENABLE_OBJC_WEAK = YES;
				CLANG_WARN_BLOCK_CAPTURE_AUTORELEASING = YES;
				CLANG_WARN_BOOL_CONVERSION = YES;
				CLANG_WARN_COMMA = YES;
				CLANG_WARN_CONSTANT_CONVERSION = YES;
				CLANG_WARN_DEPRECATED_OBJC_IMPLEMENTATIONS = YES;
				CLANG_WARN_DIRECT_OBJC_ISA_USAGE = YES_ERROR;
				CLANG_WARN_DOCUMENTATION_COMMENTS = YES;
				CLANG_WARN_EMPTY_BODY = YES;
				CLANG_WARN_ENUM_CONVERSION = YES;
				CLANG_WARN_INFINITE_RECURSION = YES;
				CLANG_WARN_INT_CONVERSION = YES;
				CLANG_WARN_NON_LITERAL_NULL_CONVERSION = YES;
				CLANG_WARN_OBJC_IMPLICIT_RETAIN_SELF = YES;
				CLANG_WARN_OBJC_LITERAL_CONVERSION = YES;
				CLANG_WARN_OBJC_ROOT_CLASS = YES_ERROR;
				CLANG_WARN_QUOTED_INCLUDE_IN_FRAMEWORK_HEADER = YES;
				CLANG_WARN_RANGE_LOOP_ANALYSIS = YES;
				CLANG_WARN_STRICT_PROTOTYPES = YES;
				CLANG_WARN_SUSPICIOUS_MOVE = YES;
				CLANG_WARN_UNGUARDED_AVAILABILITY = YES_AGGRESSIVE;
				CLANG_WARN_UNREACHABLE_CODE = YES;
				CLANG_WARN__DUPLICATE_METHOD_MATCH = YES;
				COPY_PHASE_STRIP = NO;
				DEBUG_INFORMATION_FORMAT = "dwarf-with-dsym";
				ENABLE_NS_ASSERTIONS = NO;
				ENABLE_STRICT_OBJC_MSGSEND = YES;
				GCC_C_LANGUAGE_STANDARD = gnu11;
				GCC_NO_COMMON_BLOCKS = YES;
				GCC_WARN_64_TO_32_BIT_CONVERSION = YES;
				GCC_WARN_ABOUT_RETURN_TYPE = YES_ERROR;
				GCC_WARN_UNDECLARED_SELECTOR = YES;
				GCC_WARN_UNINITIALIZED_AUTOS = YES_AGGRESSIVE;
				GCC_WARN_UNUSED_FUNCTION = YES;
				GCC_WARN_UNUSED_VARIABLE = YES;
				IPHONEOS_DEPLOYMENT_TARGET = 14.4;
				MTL_ENABLE_DEBUG_INFO = NO;
				MTL_FAST_MATH = YES;
				SDKROOT = iphoneos;
				SWIFT_COMPILATION_MODE = wholemodule;
				SWIFT_OPTIMIZATION_LEVEL = "-O";
				VALIDATE_PRODUCT = YES;
			};
			name = Release;
		};
		FAB92D0D25EE850C005C8484 /* Debug */ = {
			isa = XCBuildConfiguration;
			buildSettings = {
				ASSETCATALOG_COMPILER_APPICON_NAME = AppIcon;
				ASSETCATALOG_COMPILER_GLOBAL_ACCENT_COLOR_NAME = AccentColor;
				CODE_SIGN_STYLE = Automatic;
				DEVELOPMENT_TEAM = 57Y44375WP;
				INFOPLIST_FILE = TestVPN/Info.plist;
				LD_RUNPATH_SEARCH_PATHS = (
					"$(inherited)",
					"@executable_path/Frameworks",
				);
				PRODUCT_BUNDLE_IDENTIFIER = com.khartanovichao.TestVPN;
				PRODUCT_NAME = "$(TARGET_NAME)";
				SWIFT_VERSION = 5.0;
				TARGETED_DEVICE_FAMILY = "1,2";
			};
			name = Debug;
		};
		FAB92D0E25EE850C005C8484 /* Release */ = {
			isa = XCBuildConfiguration;
			buildSettings = {
				ASSETCATALOG_COMPILER_APPICON_NAME = AppIcon;
				ASSETCATALOG_COMPILER_GLOBAL_ACCENT_COLOR_NAME = AccentColor;
				CODE_SIGN_STYLE = Automatic;
				DEVELOPMENT_TEAM = 57Y44375WP;
				INFOPLIST_FILE = TestVPN/Info.plist;
				LD_RUNPATH_SEARCH_PATHS = (
					"$(inherited)",
					"@executable_path/Frameworks",
				);
				PRODUCT_BUNDLE_IDENTIFIER = com.khartanovichao.TestVPN;
				PRODUCT_NAME = "$(TARGET_NAME)";
				SWIFT_VERSION = 5.0;
				TARGETED_DEVICE_FAMILY = "1,2";
			};
			name = Release;
		};
/* End XCBuildConfiguration section */

/* Begin XCConfigurationList section */
		FAB92CF325EE850A005C8484 /* Build configuration list for PBXProject "TestVPN" */ = {
			isa = XCConfigurationList;
			buildConfigurations = (
				FAB92D0A25EE850C005C8484 /* Debug */,
				FAB92D0B25EE850C005C8484 /* Release */,
			);
			defaultConfigurationIsVisible = 0;
			defaultConfigurationName = Release;
		};
		FAB92D0C25EE850C005C8484 /* Build configuration list for PBXNativeTarget "TestVPN" */ = {
			isa = XCConfigurationList;
			buildConfigurations = (
				FAB92D0D25EE850C005C8484 /* Debug */,
				FAB92D0E25EE850C005C8484 /* Release */,
			);
			defaultConfigurationIsVisible = 0;
			defaultConfigurationName = Release;
		};
/* End XCConfigurationList section */
	};
	rootObject = FAB92CF025EE850A005C8484 /* Project object */;
}
